
Microsoft Visual Studio Solution File, Format Version 12.00
# Visual Studio Version 16
VisualStudioVersion = 16.0.31911.196
MinimumVisualStudioVersion = 10.0.40219.1
Project("{9A19103F-16F7-4668-BE54-9A1E7A4F7556}") = "FIndValidXml", "ConsoleApp2\FIndValidXml.csproj", "{D116DC5A-0C3C-4610-8534-8B1041C54DA4}"
EndProject
Global
	GlobalSection(SolutionConfigurationPlatforms) = preSolution
		Debug|Any CPU = Debug|Any CPU
		Release|Any CPU = Release|Any CPU
	EndGlobalSection
	GlobalSection(ProjectConfigurationPlatforms) = postSolution
		{D116DC5A-0C3C-4610-8534-8B1041C54DA4}.Debug|Any CPU.ActiveCfg = Debug|Any CPU
		{D116DC5A-0C3C-4610-8534-8B1041C54DA4}.Debug|Any CPU.Build.0 = Debug|Any CPU
		{D116DC5A-0C3C-4610-8534-8B1041C54DA4}.Release|Any CPU.ActiveCfg = Release|Any CPU
		{D116DC5A-0C3C-4610-8534-8B1041C54DA4}.Release|Any CPU.Build.0 = Release|Any CPU
	EndGlobalSection
	GlobalSection(SolutionProperties) = preSolution
		HideSolutionNode = FALSE
	EndGlobalSection
	GlobalSection(ExtensibilityGlobals) = postSolution
		SolutionGuid = {835D3896-3E62-4DE8-9862-E5C3ED1A65FD}
	EndGlobalSection
EndGlobal
